// !$*UTF8*$!
{
	archiveVersion = 1;
	classes = {
	};
	objectVersion = 56;
	objects = {

/* Begin PBXBuildFile section */
		83AB0BA5291268F600C9C68E /* AppDelegate.swift in Sources */ = {isa = PBXBuildFile; fileRef = 83AB0BA4291268F600C9C68E /* AppDelegate.swift */; };
		83AB0BA7291268F600C9C68E /* SceneDelegate.swift in Sources */ = {isa = PBXBuildFile; fileRef = 83AB0BA6291268F600C9C68E /* SceneDelegate.swift */; };
		83AB0BA9291268F600C9C68E /* AnimationViewController.swift in Sources */ = {isa = PBXBuildFile; fileRef = 83AB0BA8291268F600C9C68E /* AnimationViewController.swift */; };
		83AB0BAC291268F600C9C68E /* Main.storyboard in Resources */ = {isa = PBXBuildFile; fileRef = 83AB0BAA291268F600C9C68E /* Main.storyboard */; };
		83AB0BAE291268F700C9C68E /* Assets.xcassets in Resources */ = {isa = PBXBuildFile; fileRef = 83AB0BAD291268F700C9C68E /* Assets.xcassets */; };
		83AB0BB1291268F700C9C68E /* LaunchScreen.storyboard in Resources */ = {isa = PBXBuildFile; fileRef = 83AB0BAF291268F700C9C68E /* LaunchScreen.storyboard */; };
		83AB0BBA2912697200C9C68E /* SpringAnimation in Frameworks */ = {isa = PBXBuildFile; productRef = 83AB0BB92912697200C9C68E /* SpringAnimation */; };
		83AB0BBF2912724800C9C68E /* Animation.swift in Sources */ = {isa = PBXBuildFile; fileRef = 83AB0BBE2912724800C9C68E /* Animation.swift */; };
		83AB0BC2291273BA00C9C68E /* DataStore.swift in Sources */ = {isa = PBXBuildFile; fileRef = 83AB0BC1291273BA00C9C68E /* DataStore.swift */; };
/* End PBXBuildFile section */

/* Begin PBXFileReference section */
		83AB0BA1291268F600C9C68E /* AnimationApp.app */ = {isa = PBXFileReference; explicitFileType = wrapper.application; includeInIndex = 0; path = AnimationApp.app; sourceTree = BUILT_PRODUCTS_DIR; };
		83AB0BA4291268F600C9C68E /* AppDelegate.swift */ = {isa = PBXFileReference; lastKnownFileType = sourcecode.swift; path = AppDelegate.swift; sourceTree = "<group>"; };
		83AB0BA6291268F600C9C68E /* SceneDelegate.swift */ = {isa = PBXFileReference; lastKnownFileType = sourcecode.swift; path = SceneDelegate.swift; sourceTree = "<group>"; };
		83AB0BA8291268F600C9C68E /* AnimationViewController.swift */ = {isa = PBXFileReference; lastKnownFileType = sourcecode.swift; path = AnimationViewController.swift; sourceTree = "<group>"; };
		83AB0BAB291268F600C9C68E /* Base */ = {isa = PBXFileReference; lastKnownFileType = file.storyboard; name = Base; path = Base.lproj/Main.storyboard; sourceTree = "<group>"; };
		83AB0BAD291268F700C9C68E /* Assets.xcassets */ = {isa = PBXFileReference; lastKnownFileType = folder.assetcatalog; path = Assets.xcassets; sourceTree = "<group>"; };
		83AB0BB0291268F700C9C68E /* Base */ = {isa = PBXFileReference; lastKnownFileType = file.storyboard; name = Base; path = Base.lproj/LaunchScreen.storyboard; sourceTree = "<group>"; };
		83AB0BB2291268F700C9C68E /* Info.plist */ = {isa = PBXFileReference; lastKnownFileType = text.plist.xml; path = Info.plist; sourceTree = "<group>"; };
		83AB0BBE2912724800C9C68E /* Animation.swift */ = {isa = PBXFileReference; lastKnownFileType = sourcecode.swift; path = Animation.swift; sourceTree = "<group>"; };
		83AB0BC1291273BA00C9C68E /* DataStore.swift */ = {isa = PBXFileReference; lastKnownFileType = sourcecode.swift; path = DataStore.swift; sourceTree = "<group>"; };
/* End PBXFileReference section */

/* Begin PBXFrameworksBuildPhase section */
		83AB0B9E291268F600C9C68E /* Frameworks */ = {
			isa = PBXFrameworksBuildPhase;
			buildActionMask = 2147483647;
			files = (
				83AB0BBA2912697200C9C68E /* SpringAnimation in Frameworks */,
			);
			runOnlyForDeploymentPostprocessing = 0;
		};
/* End PBXFrameworksBuildPhase section */

/* Begin PBXGroup section */
		83AB0B98291268F600C9C68E = {
			isa = PBXGroup;
			children = (
				83AB0BA3291268F600C9C68E /* AnimationApp */,
				83AB0BA2291268F600C9C68E /* Products */,
			);
			sourceTree = "<group>";
		};
		83AB0BA2291268F600C9C68E /* Products */ = {
			isa = PBXGroup;
			children = (
				83AB0BA1291268F600C9C68E /* AnimationApp.app */,
			);
			name = Products;
			sourceTree = "<group>";
		};
		83AB0BA3291268F600C9C68E /* AnimationApp */ = {
			isa = PBXGroup;
			children = (
				83AB0BBC2912699C00C9C68E /* ViewControllers */,
				83AB0BC02912725100C9C68E /* Models */,
				83AB0BC3291273CA00C9C68E /* Services */,
				83AB0BBB2912699600C9C68E /* Config */,
				83AB0BBD291269A300C9C68E /* Storyboards */,
				83AB0BAD291268F700C9C68E /* Assets.xcassets */,
			);
			path = AnimationApp;
			sourceTree = "<group>";
		};
		83AB0BBB2912699600C9C68E /* Config */ = {
			isa = PBXGroup;
			children = (
				83AB0BA4291268F600C9C68E /* AppDelegate.swift */,
				83AB0BA6291268F600C9C68E /* SceneDelegate.swift */,
				83AB0BB2291268F700C9C68E /* Info.plist */,
			);
			path = Config;
			sourceTree = "<group>";
		};
		83AB0BBC2912699C00C9C68E /* ViewControllers */ = {
			isa = PBXGroup;
			children = (
				83AB0BA8291268F600C9C68E /* AnimationViewController.swift */,
			);
			path = ViewControllers;
			sourceTree = "<group>";
		};
		83AB0BBD291269A300C9C68E /* Storyboards */ = {
			isa = PBXGroup;
			children = (
				83AB0BAA291268F600C9C68E /* Main.storyboard */,
				83AB0BAF291268F700C9C68E /* LaunchScreen.storyboard */,
			);
			path = Storyboards;
			sourceTree = "<group>";
		};
		83AB0BC02912725100C9C68E /* Models */ = {
			isa = PBXGroup;
			children = (
				83AB0BBE2912724800C9C68E /* Animation.swift */,
			);
			path = Models;
			sourceTree = "<group>";
		};
		83AB0BC3291273CA00C9C68E /* Services */ = {
			isa = PBXGroup;
			children = (
				83AB0BC1291273BA00C9C68E /* DataStore.swift */,
			);
			path = Services;
			sourceTree = "<group>";
		};
/* End PBXGroup section */

/* Begin PBXNativeTarget section */
		83AB0BA0291268F600C9C68E /* AnimationApp */ = {
			isa = PBXNativeTarget;
			buildConfigurationList = 83AB0BB5291268F700C9C68E /* Build configuration list for PBXNativeTarget "AnimationApp" */;
			buildPhases = (
				83AB0B9D291268F600C9C68E /* Sources */,
				83AB0B9E291268F600C9C68E /* Frameworks */,
				83AB0B9F291268F600C9C68E /* Resources */,
			);
			buildRules = (
			);
			dependencies = (
			);
			name = AnimationApp;
			packageProductDependencies = (
				83AB0BB92912697200C9C68E /* SpringAnimation */,
			);
			productName = AnimationApp;
			productReference = 83AB0BA1291268F600C9C68E /* AnimationApp.app */;
			productType = "com.apple.product-type.application";
		};
/* End PBXNativeTarget section */

/* Begin PBXProject section */
		83AB0B99291268F600C9C68E /* Project object */ = {
			isa = PBXProject;
			attributes = {
				BuildIndependentTargetsInParallel = 1;
				LastSwiftUpdateCheck = 1400;
				LastUpgradeCheck = 1400;
				TargetAttributes = {
					83AB0BA0291268F600C9C68E = {
						CreatedOnToolsVersion = 14.0;
					};
				};
			};
			buildConfigurationList = 83AB0B9C291268F600C9C68E /* Build configuration list for PBXProject "AnimationApp" */;
			compatibilityVersion = "Xcode 14.0";
			developmentRegion = en;
			hasScannedForEncodings = 0;
			knownRegions = (
				en,
				Base,
			);
			mainGroup = 83AB0B98291268F600C9C68E;
			packageReferences = (
				83AB0BB82912697200C9C68E /* XCRemoteSwiftPackageReference "SpringAnimation" */,
			);
			productRefGroup = 83AB0BA2291268F600C9C68E /* Products */;
			projectDirPath = "";
			projectRoot = "";
			targets = (
				83AB0BA0291268F600C9C68E /* AnimationApp */,
			);
		};
/* End PBXProject section */

/* Begin PBXResourcesBuildPhase section */
		83AB0B9F291268F600C9C68E /* Resources */ = {
			isa = PBXResourcesBuildPhase;
			buildActionMask = 2147483647;
			files = (
				83AB0BB1291268F700C9C68E /* LaunchScreen.storyboard in Resources */,
				83AB0BAE291268F700C9C68E /* Assets.xcassets in Resources */,
				83AB0BAC291268F600C9C68E /* Main.storyboard in Resources */,
			);
			runOnlyForDeploymentPostprocessing = 0;
		};
/* End PBXResourcesBuildPhase section */

/* Begin PBXSourcesBuildPhase section */
		83AB0B9D291268F600C9C68E /* Sources */ = {
			isa = PBXSourcesBuildPhase;
			buildActionMask = 2147483647;
			files = (
				83AB0BA9291268F600C9C68E /* AnimationViewController.swift in Sources */,
				83AB0BA5291268F600C9C68E /* AppDelegate.swift in Sources */,
				83AB0BBF2912724800C9C68E /* Animation.swift in Sources */,
				83AB0BC2291273BA00C9C68E /* DataStore.swift in Sources */,
				83AB0BA7291268F600C9C68E /* SceneDelegate.swift in Sources */,
			);
			runOnlyForDeploymentPostprocessing = 0;
		};
/* End PBXSourcesBuildPhase section */

/* Begin PBXVariantGroup section */
		83AB0BAA291268F600C9C68E /* Main.storyboard */ = {
			isa = PBXVariantGroup;
			children = (
				83AB0BAB291268F600C9C68E /* Base */,
			);
			name = Main.storyboard;
			sourceTree = "<group>";
		};
		83AB0BAF291268F700C9C68E /* LaunchScreen.storyboard */ = {
			isa = PBXVariantGroup;
			children = (
				83AB0BB0291268F700C9C68E /* Base */,
			);
			name = LaunchScreen.storyboard;
			sourceTree = "<group>";
		};
/* End PBXVariantGroup section */

/* Begin XCBuildConfiguration section */
		83AB0BB3291268F700C9C68E /* Debug */ = {
			isa = XCBuildConfiguration;
			buildSettings = {
				ALWAYS_SEARCH_USER_PATHS = NO;
				CLANG_ANALYZER_NONNULL = YES;
				CLANG_ANALYZER_NUMBER_OBJECT_CONVERSION = YES_AGGRESSIVE;
				CLANG_CXX_LANGUAGE_STANDARD = "gnu++20";
				CLANG_ENABLE_MODULES = YES;
				CLANG_ENABLE_OBJC_ARC = YES;
				CLANG_ENABLE_OBJC_WEAK = YES;
				CLANG_WARN_BLOCK_CAPTURE_AUTORELEASING = YES;
				CLANG_WARN_BOOL_CONVERSION = YES;
				CLANG_WARN_COMMA = YES;
				CLANG_WARN_CONSTANT_CONVERSION = YES;
				CLANG_WARN_DEPRECATED_OBJC_IMPLEMENTATIONS = YES;
				CLANG_WARN_DIRECT_OBJC_ISA_USAGE = YES_ERROR;
				CLANG_WARN_DOCUMENTATION_COMMENTS = YES;
				CLANG_WARN_EMPTY_BODY = YES;
				CLANG_WARN_ENUM_CONVERSION = YES;
				CLANG_WARN_INFINITE_RECURSION = YES;
				CLANG_WARN_INT_CONVERSION = YES;
				CLANG_WARN_NON_LITERAL_NULL_CONVERSION = YES;
				CLANG_WARN_OBJC_IMPLICIT_RETAIN_SELF = YES;
				CLANG_WARN_OBJC_LITERAL_CONVERSION = YES;
				CLANG_WARN_OBJC_ROOT_CLASS = YES_ERROR;
				CLANG_WARN_QUOTED_INCLUDE_IN_FRAMEWORK_HEADER = YES;
				CLANG_WARN_RANGE_LOOP_ANALYSIS = YES;
				CLANG_WARN_STRICT_PROTOTYPES = YES;
				CLANG_WARN_SUSPICIOUS_MOVE = YES;
				CLANG_WARN_UNGUARDED_AVAILABILITY = YES_AGGRESSIVE;
				CLANG_WARN_UNREACHABLE_CODE = YES;
				CLANG_WARN__DUPLICATE_METHOD_MATCH = YES;
				COPY_PHASE_STRIP = NO;
				DEBUG_INFORMATION_FORMAT = dwarf;
				ENABLE_STRICT_OBJC_MSGSEND = YES;
				ENABLE_TESTABILITY = YES;
				GCC_C_LANGUAGE_STANDARD = gnu11;
				GCC_DYNAMIC_NO_PIC = NO;
				GCC_NO_COMMON_BLOCKS = YES;
				GCC_OPTIMIZATION_LEVEL = 0;
				GCC_PREPROCESSOR_DEFINITIONS = (
					"DEBUG=1",
					"$(inherited)",
				);
				GCC_WARN_64_TO_32_BIT_CONVERSION = YES;
				GCC_WARN_ABOUT_RETURN_TYPE = YES_ERROR;
				GCC_WARN_UNDECLARED_SELECTOR = YES;
				GCC_WARN_UNINITIALIZED_AUTOS = YES_AGGRESSIVE;
				GCC_WARN_UNUSED_FUNCTION = YES;
				GCC_WARN_UNUSED_VARIABLE = YES;
				IPHONEOS_DEPLOYMENT_TARGET = 16.0;
				MTL_ENABLE_DEBUG_INFO = INCLUDE_SOURCE;
				MTL_FAST_MATH = YES;
				ONLY_ACTIVE_ARCH = YES;
				SDKROOT = iphoneos;
				SWIFT_ACTIVE_COMPILATION_CONDITIONS = DEBUG;
				SWIFT_OPTIMIZATION_LEVEL = "-Onone";
			};
			name = Debug;
		};
		83AB0BB4291268F700C9C68E /* Release */ = {
			isa = XCBuildConfiguration;
			buildSettings = {
				ALWAYS_SEARCH_USER_PATHS = NO;
				CLANG_ANALYZER_NONNULL = YES;
				CLANG_ANALYZER_NUMBER_OBJECT_CONVERSION = YES_AGGRESSIVE;
				CLANG_CXX_LANGUAGE_STANDARD = "gnu++20";
				CLANG_ENABLE_MODULES = YES;
				CLANG_ENABLE_OBJC_ARC = YES;
				CLANG_ENABLE_OBJC_WEAK = YES;
				CLANG_WARN_BLOCK_CAPTURE_AUTORELEASING = YES;
				CLANG_WARN_BOOL_CONVERSION = YES;
				CLANG_WARN_COMMA = YES;
				CLANG_WARN_CONSTANT_CONVERSION = YES;
				CLANG_WARN_DEPRECATED_OBJC_IMPLEMENTATIONS = YES;
				CLANG_WARN_DIRECT_OBJC_ISA_USAGE = YES_ERROR;
				CLANG_WARN_DOCUMENTATION_COMMENTS = YES;
				CLANG_WARN_EMPTY_BODY = YES;
				CLANG_WARN_ENUM_CONVERSION = YES;
				CLANG_WARN_INFINITE_RECURSION = YES;
				CLANG_WARN_INT_CONVERSION = YES;
				CLANG_WARN_NON_LITERAL_NULL_CONVERSION = YES;
				CLANG_WARN_OBJC_IMPLICIT_RETAIN_SELF = YES;
				CLANG_WARN_OBJC_LITERAL_CONVERSION = YES;
				CLANG_WARN_OBJC_ROOT_CLASS = YES_ERROR;
				CLANG_WARN_QUOTED_INCLUDE_IN_FRAMEWORK_HEADER = YES;
				CLANG_WARN_RANGE_LOOP_ANALYSIS = YES;
				CLANG_WARN_STRICT_PROTOTYPES = YES;
				CLANG_WARN_SUSPICIOUS_MOVE = YES;
				CLANG_WARN_UNGUARDED_AVAILABILITY = YES_AGGRESSIVE;
				CLANG_WARN_UNREACHABLE_CODE = YES;
				CLANG_WARN__DUPLICATE_METHOD_MATCH = YES;
				COPY_PHASE_STRIP = NO;
				DEBUG_INFORMATION_FORMAT = "dwarf-with-dsym";
				ENABLE_NS_ASSERTIONS = NO;
				ENABLE_STRICT_OBJC_MSGSEND = YES;
				GCC_C_LANGUAGE_STANDARD = gnu11;
				GCC_NO_COMMON_BLOCKS = YES;
				GCC_WARN_64_TO_32_BIT_CONVERSION = YES;
				GCC_WARN_ABOUT_RETURN_TYPE = YES_ERROR;
				GCC_WARN_UNDECLARED_SELECTOR = YES;
				GCC_WARN_UNINITIALIZED_AUTOS = YES_AGGRESSIVE;
				GCC_WARN_UNUSED_FUNCTION = YES;
				GCC_WARN_UNUSED_VARIABLE = YES;
				IPHONEOS_DEPLOYMENT_TARGET = 16.0;
				MTL_ENABLE_DEBUG_INFO = NO;
				MTL_FAST_MATH = YES;
				SDKROOT = iphoneos;
				SWIFT_COMPILATION_MODE = wholemodule;
				SWIFT_OPTIMIZATION_LEVEL = "-O";
				VALIDATE_PRODUCT = YES;
			};
			name = Release;
		};
		83AB0BB6291268F700C9C68E /* Debug */ = {
			isa = XCBuildConfiguration;
			buildSettings = {
				ASSETCATALOG_COMPILER_APPICON_NAME = AppIcon;
				ASSETCATALOG_COMPILER_GLOBAL_ACCENT_COLOR_NAME = AccentColor;
				CODE_SIGN_STYLE = Automatic;
				CURRENT_PROJECT_VERSION = 8;
				DEVELOPMENT_TEAM = J572FQ3494;
				GENERATE_INFOPLIST_FILE = YES;
				INFOPLIST_FILE = AnimationApp/Config/Info.plist;
				INFOPLIST_KEY_UIApplicationSupportsIndirectInputEvents = YES;
				INFOPLIST_KEY_UILaunchStoryboardName = LaunchScreen;
				INFOPLIST_KEY_UIMainStoryboardFile = Main;
				INFOPLIST_KEY_UISupportedInterfaceOrientations = UIInterfaceOrientationPortrait;
				INFOPLIST_KEY_UISupportedInterfaceOrientations_iPad = "UIInterfaceOrientationLandscapeLeft UIInterfaceOrientationLandscapeRight UIInterfaceOrientationPortrait UIInterfaceOrientationPortraitUpsideDown";
				IPHONEOS_DEPLOYMENT_TARGET = 15.0;
				LD_RUNPATH_SEARCH_PATHS = (
					"$(inherited)",
					"@executable_path/Frameworks",
				);
				MARKETING_VERSION = 0.3.5;
				PRODUCT_BUNDLE_IDENTIFIER = com.AndreySandler.AnimationApp;
				PRODUCT_NAME = "$(TARGET_NAME)";
				SUPPORTED_PLATFORMS = "iphoneos iphonesimulator";
				SUPPORTS_MACCATALYST = NO;
				SUPPORTS_MAC_DESIGNED_FOR_IPHONE_IPAD = NO;
				SWIFT_EMIT_LOC_STRINGS = YES;
				SWIFT_VERSION = 5.0;
				TARGETED_DEVICE_FAMILY = 1;
			};
			name = Debug;
		};
		83AB0BB7291268F700C9C68E /* Release */ = {
			isa = XCBuildConfiguration;
			buildSettings = {
				ASSETCATALOG_COMPILER_APPICON_NAME = AppIcon;
				ASSETCATALOG_COMPILER_GLOBAL_ACCENT_COLOR_NAME = AccentColor;
				CODE_SIGN_STYLE = Automatic;
				CURRENT_PROJECT_VERSION = 8;
				DEVELOPMENT_TEAM = J572FQ3494;
				GENERATE_INFOPLIST_FILE = YES;
				INFOPLIST_FILE = AnimationApp/Config/Info.plist;
				INFOPLIST_KEY_UIApplicationSupportsIndirectInputEvents = YES;
				INFOPLIST_KEY_UILaunchStoryboardName = LaunchScreen;
				INFOPLIST_KEY_UIMainStoryboardFile = Main;
				INFOPLIST_KEY_UISupportedInterfaceOrientations = UIInterfaceOrientationPortrait;
				INFOPLIST_KEY_UISupportedInterfaceOrientations_iPad = "UIInterfaceOrientationLandscapeLeft UIInterfaceOrientationLandscapeRight UIInterfaceOrientationPortrait UIInterfaceOrientationPortraitUpsideDown";
				IPHONEOS_DEPLOYMENT_TARGET = 15.0;
				LD_RUNPATH_SEARCH_PATHS = (
					"$(inherited)",
					"@executable_path/Frameworks",
				);
				MARKETING_VERSION = 0.3.5;
				PRODUCT_BUNDLE_IDENTIFIER = com.AndreySandler.AnimationApp;
				PRODUCT_NAME = "$(TARGET_NAME)";
				SUPPORTED_PLATFORMS = "iphoneos iphonesimulator";
				SUPPORTS_MACCATALYST = NO;
				SUPPORTS_MAC_DESIGNED_FOR_IPHONE_IPAD = NO;
				SWIFT_EMIT_LOC_STRINGS = YES;
				SWIFT_VERSION = 5.0;
				TARGETED_DEVICE_FAMILY = 1;
			};
			name = Release;
		};
/* End XCBuildConfiguration section */

/* Begin XCConfigurationList section */
		83AB0B9C291268F600C9C68E /* Build configuration list for PBXProject "AnimationApp" */ = {
			isa = XCConfigurationList;
			buildConfigurations = (
				83AB0BB3291268F700C9C68E /* Debug */,
				83AB0BB4291268F700C9C68E /* Release */,
			);
			defaultConfigurationIsVisible = 0;
			defaultConfigurationName = Release;
		};
		83AB0BB5291268F700C9C68E /* Build configuration list for PBXNativeTarget "AnimationApp" */ = {
			isa = XCConfigurationList;
			buildConfigurations = (
				83AB0BB6291268F700C9C68E /* Debug */,
				83AB0BB7291268F700C9C68E /* Release */,
			);
			defaultConfigurationIsVisible = 0;
			defaultConfigurationName = Release;
		};
/* End XCConfigurationList section */

/* Begin XCRemoteSwiftPackageReference section */
		83AB0BB82912697200C9C68E /* XCRemoteSwiftPackageReference "SpringAnimation" */ = {
			isa = XCRemoteSwiftPackageReference;
			repositoryURL = "https://github.com/LexDeBash/SpringAnimation.git";
			requirement = {
				branch = main;
				kind = branch;
			};
		};
/* End XCRemoteSwiftPackageReference section */

/* Begin XCSwiftPackageProductDependency section */
		83AB0BB92912697200C9C68E /* SpringAnimation */ = {
			isa = XCSwiftPackageProductDependency;
			package = 83AB0BB82912697200C9C68E /* XCRemoteSwiftPackageReference "SpringAnimation" */;
			productName = SpringAnimation;
		};
/* End XCSwiftPackageProductDependency section */
	};
	rootObject = 83AB0B99291268F600C9C68E /* Project object */;
}
